{
  "name": "spa",
  "lockfileVersion": 2,
  "requires": true,
  "packages": {
    "": {
      "dependencies": {
        "jso": "^4.1.1"
      }
    },
    "node_modules/jso": {
      "version": "4.1.1",
      "resolved": "https://registry.npmjs.org/jso/-/jso-4.1.1.tgz",
      "integrity": "sha512-5siCaj9b73l52BRItlW5d7jbNJ2xEyVTskjxt2I/+kggNjqip11FngAG0KqZKWfCmpIeUahVvdVlnx4r7d99Mw=="
    }
  },
  "dependencies": {
    "jso": {
      "version": "4.1.1",
      "resolved": "https://registry.npmjs.org/jso/-/jso-4.1.1.tgz",
      "integrity": "sha512-5siCaj9b73l52BRItlW5d7jbNJ2xEyVTskjxt2I/+kggNjqip11FngAG0KqZKWfCmpIeUahVvdVlnx4r7d99Mw=="
    }
  }
}
